
Microsoft Visual Studio Solution File, Format Version 12.00
# Visual Studio Version 17
VisualStudioVersion = 17.13.35825.156 d17.13
MinimumVisualStudioVersion = 10.0.40219.1
Project("{FAE04EC0-301F-11D3-BF4B-00C04F79EFBC}") = "Pulperia", "Pulperia.csproj", "{90E0787D-08EE-48A1-9CF7-58394F3E3820}"
EndProject
Global
	GlobalSection(SolutionConfigurationPlatforms) = preSolution
		Debug|Any CPU = Debug|Any CPU
		Release|Any CPU = Release|Any CPU
	EndGlobalSection
	GlobalSection(ProjectConfigurationPlatforms) = postSolution
		{90E0787D-08EE-48A1-9CF7-58394F3E3820}.Debug|Any CPU.ActiveCfg = Debug|Any CPU
		{90E0787D-08EE-48A1-9CF7-58394F3E3820}.Debug|Any CPU.Build.0 = Debug|Any CPU
		{90E0787D-08EE-48A1-9CF7-58394F3E3820}.Release|Any CPU.ActiveCfg = Release|Any CPU
		{90E0787D-08EE-48A1-9CF7-58394F3E3820}.Release|Any CPU.Build.0 = Release|Any CPU
	EndGlobalSection
	GlobalSection(SolutionProperties) = preSolution
		HideSolutionNode = FALSE
	EndGlobalSection
	GlobalSection(ExtensibilityGlobals) = postSolution
		SolutionGuid = {05BE37F1-CB59-46C4-BF7E-399AF6D62D2C}
	EndGlobalSection
EndGlobal
